
Microsoft Visual Studio Solution File, Format Version 12.00
# Visual Studio Version 16
VisualStudioVersion = 16.0.31624.102
MinimumVisualStudioVersion = 10.0.40219.1
Project("{888888A0-9F3D-457C-B088-3A5042F75D52}") = "SDFS", "SDFS.pyproj", "{A35A3B27-5275-4E44-B250-38FDBB783D25}"
EndProject
Global
	GlobalSection(SolutionConfigurationPlatforms) = preSolution
		Debug|Any CPU = Debug|Any CPU
		Release|Any CPU = Release|Any CPU
	EndGlobalSection
	GlobalSection(ProjectConfigurationPlatforms) = postSolution
		{A35A3B27-5275-4E44-B250-38FDBB783D25}.Debug|Any CPU.ActiveCfg = Debug|Any CPU
		{A35A3B27-5275-4E44-B250-38FDBB783D25}.Release|Any CPU.ActiveCfg = Release|Any CPU
	EndGlobalSection
	GlobalSection(SolutionProperties) = preSolution
		HideSolutionNode = FALSE
	EndGlobalSection
	GlobalSection(ExtensibilityGlobals) = postSolution
		SolutionGuid = {CC78469D-E2BD-4F76-AC3C-C189845DC96F}
	EndGlobalSection
EndGlobal
